
Microsoft Visual Studio Solution File, Format Version 12.00
# Visual Studio Version 17
VisualStudioVersion = 17.10.35122.118
MinimumVisualStudioVersion = 10.0.40219.1
Project("{2150E333-8FDC-42A3-9474-1A3956D46DE8}") = "API", "API", "{48F54307-ED72-4CD6-9F95-49D02AFFD6D7}"
EndProject
Project("{FAE04EC0-301F-11D3-BF4B-00C04F79EFBC}") = "OrganisationsAPI", "API\OrganisationsAPI\OrganisationsAPI.csproj", "{7F3A08D5-2595-4BFD-9DC5-9B627532282E}"
EndProject
Project("{FAE04EC0-301F-11D3-BF4B-00C04F79EFBC}") = "GatewayAPI", "API\GatewayAPI\GatewayAPI.csproj", "{B098C9F4-DB31-4423-BC3A-82C3B54CF586}"
EndProject
Project("{FAE04EC0-301F-11D3-BF4B-00C04F79EFBC}") = "AuthGoogleTokenAPI", "API\AuthGoogleTokenAPI\AuthGoogleTokenAPI.csproj", "{B3B97A0A-3067-46AA-8292-FA995C1BF043}"
EndProject
Project("{FAE04EC0-301F-11D3-BF4B-00C04F79EFBC}") = "AuthFacebookTokenAPI", "API\AuthFacebookTokenAPI\AuthFacebookTokenAPI.csproj", "{2967BF1B-7843-43D5-9DCB-637D52DDAC21}"
EndProject
Project("{FAE04EC0-301F-11D3-BF4B-00C04F79EFBC}") = "AuthenticationAPI", "API\AuthenticationAPI\AuthenticationAPI.csproj", "{A52624F1-9F8C-4489-9372-00B8EBD7E0E0}"
EndProject
Project("{2150E333-8FDC-42A3-9474-1A3956D46DE8}") = "client", "client", "{2DA149A9-D157-4B3D-93D6-ACABF66C7A8B}"
EndProject
Project("{54A90642-561A-4BB1-A94E-469ADEE60C69}") = "client", "client\client\client.esproj", "{0077891B-5E5E-4E07-8DF2-4194F00AC38A}"
EndProject
Project("{54A90642-561A-4BB1-A94E-469ADEE60C69}") = "header", "client\header\header.esproj", "{1398D1AE-64A4-40A6-84FA-C574D37DBDE3}"
EndProject
Project("{FAE04EC0-301F-11D3-BF4B-00C04F79EFBC}") = "Domain", "Domain\Domain.csproj", "{739C6396-95F8-4B9F-9B73-EB0DA28E8888}"
EndProject
Project("{FAE04EC0-301F-11D3-BF4B-00C04F79EFBC}") = "Infrastructure", "Infrastructure\Infrastructure.csproj", "{C23B0B69-3436-4D7A-9BC4-87A6F3B604B7}"
EndProject
Project("{FAE04EC0-301F-11D3-BF4B-00C04F79EFBC}") = "Application", "Application\Application.csproj", "{AC5F8871-9903-42B4-8515-56B89770229A}"
EndProject
Global
	GlobalSection(SolutionConfigurationPlatforms) = preSolution
		Debug|Any CPU = Debug|Any CPU
		Release|Any CPU = Release|Any CPU
	EndGlobalSection
	GlobalSection(ProjectConfigurationPlatforms) = postSolution
		{7F3A08D5-2595-4BFD-9DC5-9B627532282E}.Debug|Any CPU.ActiveCfg = Debug|Any CPU
		{7F3A08D5-2595-4BFD-9DC5-9B627532282E}.Debug|Any CPU.Build.0 = Debug|Any CPU
		{7F3A08D5-2595-4BFD-9DC5-9B627532282E}.Release|Any CPU.ActiveCfg = Release|Any CPU
		{7F3A08D5-2595-4BFD-9DC5-9B627532282E}.Release|Any CPU.Build.0 = Release|Any CPU
		{B098C9F4-DB31-4423-BC3A-82C3B54CF586}.Debug|Any CPU.ActiveCfg = Debug|Any CPU
		{B098C9F4-DB31-4423-BC3A-82C3B54CF586}.Debug|Any CPU.Build.0 = Debug|Any CPU
		{B098C9F4-DB31-4423-BC3A-82C3B54CF586}.Release|Any CPU.ActiveCfg = Release|Any CPU
		{B098C9F4-DB31-4423-BC3A-82C3B54CF586}.Release|Any CPU.Build.0 = Release|Any CPU
		{B3B97A0A-3067-46AA-8292-FA995C1BF043}.Debug|Any CPU.ActiveCfg = Debug|Any CPU
		{B3B97A0A-3067-46AA-8292-FA995C1BF043}.Debug|Any CPU.Build.0 = Debug|Any CPU
		{B3B97A0A-3067-46AA-8292-FA995C1BF043}.Release|Any CPU.ActiveCfg = Release|Any CPU
		{B3B97A0A-3067-46AA-8292-FA995C1BF043}.Release|Any CPU.Build.0 = Release|Any CPU
		{2967BF1B-7843-43D5-9DCB-637D52DDAC21}.Debug|Any CPU.ActiveCfg = Debug|Any CPU
		{2967BF1B-7843-43D5-9DCB-637D52DDAC21}.Debug|Any CPU.Build.0 = Debug|Any CPU
		{2967BF1B-7843-43D5-9DCB-637D52DDAC21}.Release|Any CPU.ActiveCfg = Release|Any CPU
		{2967BF1B-7843-43D5-9DCB-637D52DDAC21}.Release|Any CPU.Build.0 = Release|Any CPU
		{A52624F1-9F8C-4489-9372-00B8EBD7E0E0}.Debug|Any CPU.ActiveCfg = Debug|Any CPU
		{A52624F1-9F8C-4489-9372-00B8EBD7E0E0}.Debug|Any CPU.Build.0 = Debug|Any CPU
		{A52624F1-9F8C-4489-9372-00B8EBD7E0E0}.Release|Any CPU.ActiveCfg = Release|Any CPU
		{A52624F1-9F8C-4489-9372-00B8EBD7E0E0}.Release|Any CPU.Build.0 = Release|Any CPU
		{0077891B-5E5E-4E07-8DF2-4194F00AC38A}.Debug|Any CPU.ActiveCfg = Debug|Any CPU
		{0077891B-5E5E-4E07-8DF2-4194F00AC38A}.Debug|Any CPU.Build.0 = Debug|Any CPU
		{0077891B-5E5E-4E07-8DF2-4194F00AC38A}.Debug|Any CPU.Deploy.0 = Debug|Any CPU
		{0077891B-5E5E-4E07-8DF2-4194F00AC38A}.Release|Any CPU.ActiveCfg = Release|Any CPU
		{0077891B-5E5E-4E07-8DF2-4194F00AC38A}.Release|Any CPU.Build.0 = Release|Any CPU
		{0077891B-5E5E-4E07-8DF2-4194F00AC38A}.Release|Any CPU.Deploy.0 = Release|Any CPU
		{1398D1AE-64A4-40A6-84FA-C574D37DBDE3}.Debug|Any CPU.ActiveCfg = Debug|Any CPU
		{1398D1AE-64A4-40A6-84FA-C574D37DBDE3}.Debug|Any CPU.Build.0 = Debug|Any CPU
		{1398D1AE-64A4-40A6-84FA-C574D37DBDE3}.Debug|Any CPU.Deploy.0 = Debug|Any CPU
		{1398D1AE-64A4-40A6-84FA-C574D37DBDE3}.Release|Any CPU.ActiveCfg = Release|Any CPU
		{1398D1AE-64A4-40A6-84FA-C574D37DBDE3}.Release|Any CPU.Build.0 = Release|Any CPU
		{1398D1AE-64A4-40A6-84FA-C574D37DBDE3}.Release|Any CPU.Deploy.0 = Release|Any CPU
		{739C6396-95F8-4B9F-9B73-EB0DA28E8888}.Debug|Any CPU.ActiveCfg = Debug|Any CPU
		{739C6396-95F8-4B9F-9B73-EB0DA28E8888}.Debug|Any CPU.Build.0 = Debug|Any CPU
		{739C6396-95F8-4B9F-9B73-EB0DA28E8888}.Release|Any CPU.ActiveCfg = Release|Any CPU
		{739C6396-95F8-4B9F-9B73-EB0DA28E8888}.Release|Any CPU.Build.0 = Release|Any CPU
		{C23B0B69-3436-4D7A-9BC4-87A6F3B604B7}.Debug|Any CPU.ActiveCfg = Debug|Any CPU
		{C23B0B69-3436-4D7A-9BC4-87A6F3B604B7}.Debug|Any CPU.Build.0 = Debug|Any CPU
		{C23B0B69-3436-4D7A-9BC4-87A6F3B604B7}.Release|Any CPU.ActiveCfg = Release|Any CPU
		{C23B0B69-3436-4D7A-9BC4-87A6F3B604B7}.Release|Any CPU.Build.0 = Release|Any CPU
		{AC5F8871-9903-42B4-8515-56B89770229A}.Debug|Any CPU.ActiveCfg = Debug|Any CPU
		{AC5F8871-9903-42B4-8515-56B89770229A}.Debug|Any CPU.Build.0 = Debug|Any CPU
		{AC5F8871-9903-42B4-8515-56B89770229A}.Release|Any CPU.ActiveCfg = Release|Any CPU
		{AC5F8871-9903-42B4-8515-56B89770229A}.Release|Any CPU.Build.0 = Release|Any CPU
	EndGlobalSection
	GlobalSection(SolutionProperties) = preSolution
		HideSolutionNode = FALSE
	EndGlobalSection
	GlobalSection(NestedProjects) = preSolution
		{7F3A08D5-2595-4BFD-9DC5-9B627532282E} = {48F54307-ED72-4CD6-9F95-49D02AFFD6D7}
		{B098C9F4-DB31-4423-BC3A-82C3B54CF586} = {48F54307-ED72-4CD6-9F95-49D02AFFD6D7}
		{B3B97A0A-3067-46AA-8292-FA995C1BF043} = {48F54307-ED72-4CD6-9F95-49D02AFFD6D7}
		{2967BF1B-7843-43D5-9DCB-637D52DDAC21} = {48F54307-ED72-4CD6-9F95-49D02AFFD6D7}
		{A52624F1-9F8C-4489-9372-00B8EBD7E0E0} = {48F54307-ED72-4CD6-9F95-49D02AFFD6D7}
		{0077891B-5E5E-4E07-8DF2-4194F00AC38A} = {2DA149A9-D157-4B3D-93D6-ACABF66C7A8B}
		{1398D1AE-64A4-40A6-84FA-C574D37DBDE3} = {2DA149A9-D157-4B3D-93D6-ACABF66C7A8B}
	EndGlobalSection
	GlobalSection(ExtensibilityGlobals) = postSolution
		SolutionGuid = {46D634F4-C089-4E96-BD8B-6BAE2CC0B889}
	EndGlobalSection
EndGlobal
